
Microsoft Visual Studio Solution File, Format Version 12.00
# Visual Studio Version 16
VisualStudioVersion = 16.0.30204.135
MinimumVisualStudioVersion = 10.0.40219.1
Project("{FAE04EC0-301F-11D3-BF4B-00C04F79EFBC}") = "RockPaperScissors", "RockPaperScissors\RockPaperScissors.csproj", "{8866B177-2C16-4F99-8055-2D6581122A2D}"
EndProject
Global
	GlobalSection(SolutionConfigurationPlatforms) = preSolution
		Debug|Any CPU = Debug|Any CPU
		Release|Any CPU = Release|Any CPU
	EndGlobalSection
	GlobalSection(ProjectConfigurationPlatforms) = postSolution
		{8866B177-2C16-4F99-8055-2D6581122A2D}.Debug|Any CPU.ActiveCfg = Debug|Any CPU
		{8866B177-2C16-4F99-8055-2D6581122A2D}.Debug|Any CPU.Build.0 = Debug|Any CPU
		{8866B177-2C16-4F99-8055-2D6581122A2D}.Release|Any CPU.ActiveCfg = Release|Any CPU
		{8866B177-2C16-4F99-8055-2D6581122A2D}.Release|Any CPU.Build.0 = Release|Any CPU
	EndGlobalSection
	GlobalSection(SolutionProperties) = preSolution
		HideSolutionNode = FALSE
	EndGlobalSection
	GlobalSection(ExtensibilityGlobals) = postSolution
		SolutionGuid = {9BCB7A87-8CE7-4C47-AC1D-52DC7EE57C5E}
	EndGlobalSection
EndGlobal
